# This file is generated by running "yarn install" inside your project.
# Manual changes might be lost - proceed with caution!

__metadata:
  version: 7

"original_js_lib_tsukurou@workspace:.":
  version: 0.0.0-use.local
  resolution: "original_js_lib_tsukurou@workspace:."
  languageName: unknown
  linkType: soft
